// !$*UTF8*$!
{
	archiveVersion = 1;
	classes = {
	};
	objectVersion = 54;
	objects = {

/* Begin PBXBuildFile section */
		63520FD72772338E0036B6E3 /* Aartselaar_Kontich.gpx in Resources */ = {isa = PBXBuildFile; fileRef = 63520FD62772338E0036B6E3 /* Aartselaar_Kontich.gpx */; };
		63520FD9277233970036B6E3 /* MapboxNavigationModuleConfig.swift in Sources */ = {isa = PBXBuildFile; fileRef = 63520FD8277233970036B6E3 /* MapboxNavigationModuleConfig.swift */; };
		63CB468027706AAE007B1338 /* AppDelegate.swift in Sources */ = {isa = PBXBuildFile; fileRef = 63CB467F27706AAE007B1338 /* AppDelegate.swift */; };
		63CB468227706AAE007B1338 /* SceneDelegate.swift in Sources */ = {isa = PBXBuildFile; fileRef = 63CB468127706AAE007B1338 /* SceneDelegate.swift */; };
		63CB468427706AAE007B1338 /* ViewController.swift in Sources */ = {isa = PBXBuildFile; fileRef = 63CB468327706AAE007B1338 /* ViewController.swift */; };
		63CB468727706AAE007B1338 /* Main.storyboard in Resources */ = {isa = PBXBuildFile; fileRef = 63CB468527706AAE007B1338 /* Main.storyboard */; };
		63CB468927706AB0007B1338 /* Assets.xcassets in Resources */ = {isa = PBXBuildFile; fileRef = 63CB468827706AB0007B1338 /* Assets.xcassets */; };
		63CB468C27706AB0007B1338 /* LaunchScreen.storyboard in Resources */ = {isa = PBXBuildFile; fileRef = 63CB468A27706AB0007B1338 /* LaunchScreen.storyboard */; };
		FB078F425775E79D1893C5BC /* Pods_TestMapboxNativeIOS.framework in Frameworks */ = {isa = PBXBuildFile; fileRef = 64852AF121453C7C296B365F /* Pods_TestMapboxNativeIOS.framework */; };
/* End PBXBuildFile section */

/* Begin PBXFileReference section */
		0212B19F6626CA8223B7D3D6 /* Pods-TestMapboxNativeIOS.release.xcconfig */ = {isa = PBXFileReference; includeInIndex = 1; lastKnownFileType = text.xcconfig; name = "Pods-TestMapboxNativeIOS.release.xcconfig"; path = "Target Support Files/Pods-TestMapboxNativeIOS/Pods-TestMapboxNativeIOS.release.xcconfig"; sourceTree = "<group>"; };
		63520FD62772338E0036B6E3 /* Aartselaar_Kontich.gpx */ = {isa = PBXFileReference; fileEncoding = 4; lastKnownFileType = text.xml; path = Aartselaar_Kontich.gpx; sourceTree = "<group>"; };
		63520FD8277233970036B6E3 /* MapboxNavigationModuleConfig.swift */ = {isa = PBXFileReference; fileEncoding = 4; lastKnownFileType = sourcecode.swift; path = MapboxNavigationModuleConfig.swift; sourceTree = "<group>"; };
		63CB467C27706AAE007B1338 /* TestMapboxNativeIOS.app */ = {isa = PBXFileReference; explicitFileType = wrapper.application; includeInIndex = 0; path = TestMapboxNativeIOS.app; sourceTree = BUILT_PRODUCTS_DIR; };
		63CB467F27706AAE007B1338 /* AppDelegate.swift */ = {isa = PBXFileReference; lastKnownFileType = sourcecode.swift; path = AppDelegate.swift; sourceTree = "<group>"; };
		63CB468127706AAE007B1338 /* SceneDelegate.swift */ = {isa = PBXFileReference; lastKnownFileType = sourcecode.swift; path = SceneDelegate.swift; sourceTree = "<group>"; };
		63CB468327706AAE007B1338 /* ViewController.swift */ = {isa = PBXFileReference; lastKnownFileType = sourcecode.swift; path = ViewController.swift; sourceTree = "<group>"; };
		63CB468627706AAE007B1338 /* Base */ = {isa = PBXFileReference; lastKnownFileType = file.storyboard; name = Base; path = Base.lproj/Main.storyboard; sourceTree = "<group>"; };
		63CB468827706AB0007B1338 /* Assets.xcassets */ = {isa = PBXFileReference; lastKnownFileType = folder.assetcatalog; path = Assets.xcassets; sourceTree = "<group>"; };
		63CB468B27706AB0007B1338 /* Base */ = {isa = PBXFileReference; lastKnownFileType = file.storyboard; name = Base; path = Base.lproj/LaunchScreen.storyboard; sourceTree = "<group>"; };
		63CB468D27706AB0007B1338 /* Info.plist */ = {isa = PBXFileReference; lastKnownFileType = text.plist.xml; path = Info.plist; sourceTree = "<group>"; };
		64852AF121453C7C296B365F /* Pods_TestMapboxNativeIOS.framework */ = {isa = PBXFileReference; explicitFileType = wrapper.framework; includeInIndex = 0; path = Pods_TestMapboxNativeIOS.framework; sourceTree = BUILT_PRODUCTS_DIR; };
		94A372C29FCEE4AB6D39FEB2 /* Pods-TestMapboxNativeIOS.debug.xcconfig */ = {isa = PBXFileReference; includeInIndex = 1; lastKnownFileType = text.xcconfig; name = "Pods-TestMapboxNativeIOS.debug.xcconfig"; path = "Target Support Files/Pods-TestMapboxNativeIOS/Pods-TestMapboxNativeIOS.debug.xcconfig"; sourceTree = "<group>"; };
/* End PBXFileReference section */

/* Begin PBXFrameworksBuildPhase section */
		63CB467927706AAE007B1338 /* Frameworks */ = {
			isa = PBXFrameworksBuildPhase;
			buildActionMask = 2147483647;
			files = (
				FB078F425775E79D1893C5BC /* Pods_TestMapboxNativeIOS.framework in Frameworks */,
			);
			runOnlyForDeploymentPostprocessing = 0;
		};
/* End PBXFrameworksBuildPhase section */

/* Begin PBXGroup section */
		1F910A679467357421EEBE51 /* Frameworks */ = {
			isa = PBXGroup;
			children = (
				64852AF121453C7C296B365F /* Pods_TestMapboxNativeIOS.framework */,
			);
			name = Frameworks;
			sourceTree = "<group>";
		};
		28A4AA6E1539A15F3226D692 /* Pods */ = {
			isa = PBXGroup;
			children = (
				94A372C29FCEE4AB6D39FEB2 /* Pods-TestMapboxNativeIOS.debug.xcconfig */,
				0212B19F6626CA8223B7D3D6 /* Pods-TestMapboxNativeIOS.release.xcconfig */,
			);
			path = Pods;
			sourceTree = "<group>";
		};
		63CB467327706AAE007B1338 = {
			isa = PBXGroup;
			children = (
				63CB467E27706AAE007B1338 /* TestMapboxNativeIOS */,
				63CB467D27706AAE007B1338 /* Products */,
				28A4AA6E1539A15F3226D692 /* Pods */,
				1F910A679467357421EEBE51 /* Frameworks */,
			);
			sourceTree = "<group>";
		};
		63CB467D27706AAE007B1338 /* Products */ = {
			isa = PBXGroup;
			children = (
				63CB467C27706AAE007B1338 /* TestMapboxNativeIOS.app */,
			);
			name = Products;
			sourceTree = "<group>";
		};
		63CB467E27706AAE007B1338 /* TestMapboxNativeIOS */ = {
			isa = PBXGroup;
			children = (
				63520FD62772338E0036B6E3 /* Aartselaar_Kontich.gpx */,
				63520FD8277233970036B6E3 /* MapboxNavigationModuleConfig.swift */,
				63CB467F27706AAE007B1338 /* AppDelegate.swift */,
				63CB468127706AAE007B1338 /* SceneDelegate.swift */,
				63CB468327706AAE007B1338 /* ViewController.swift */,
				63CB468527706AAE007B1338 /* Main.storyboard */,
				63CB468827706AB0007B1338 /* Assets.xcassets */,
				63CB468A27706AB0007B1338 /* LaunchScreen.storyboard */,
				63CB468D27706AB0007B1338 /* Info.plist */,
			);
			path = TestMapboxNativeIOS;
			sourceTree = "<group>";
		};
/* End PBXGroup section */

/* Begin PBXNativeTarget section */
		63CB467B27706AAE007B1338 /* TestMapboxNativeIOS */ = {
			isa = PBXNativeTarget;
			buildConfigurationList = 63CB469027706AB0007B1338 /* Build configuration list for PBXNativeTarget "TestMapboxNativeIOS" */;
			buildPhases = (
				280397D882AE2533BC10F572 /* [CP] Check Pods Manifest.lock */,
				63CB467827706AAE007B1338 /* Sources */,
				63CB467927706AAE007B1338 /* Frameworks */,
				63CB467A27706AAE007B1338 /* Resources */,
				FB6AA2D0F6CC3D026E7ED2A3 /* [CP] Embed Pods Frameworks */,
			);
			buildRules = (
			);
			dependencies = (
			);
			name = TestMapboxNativeIOS;
			productName = TestMapboxNativeIOS;
			productReference = 63CB467C27706AAE007B1338 /* TestMapboxNativeIOS.app */;
			productType = "com.apple.product-type.application";
		};
/* End PBXNativeTarget section */

/* Begin PBXProject section */
		63CB467427706AAE007B1338 /* Project object */ = {
			isa = PBXProject;
			attributes = {
				BuildIndependentTargetsInParallel = 1;
				LastSwiftUpdateCheck = 1300;
				LastUpgradeCheck = 1300;
				TargetAttributes = {
					63CB467B27706AAE007B1338 = {
						CreatedOnToolsVersion = 13.0;
					};
				};
			};
			buildConfigurationList = 63CB467727706AAE007B1338 /* Build configuration list for PBXProject "TestMapboxNativeIOS" */;
			compatibilityVersion = "Xcode 12.0";
			developmentRegion = en;
			hasScannedForEncodings = 0;
			knownRegions = (
				en,
				Base,
			);
			mainGroup = 63CB467327706AAE007B1338;
			productRefGroup = 63CB467D27706AAE007B1338 /* Products */;
			projectDirPath = "";
			projectRoot = "";
			targets = (
				63CB467B27706AAE007B1338 /* TestMapboxNativeIOS */,
			);
		};
/* End PBXProject section */

/* Begin PBXResourcesBuildPhase section */
		63CB467A27706AAE007B1338 /* Resources */ = {
			isa = PBXResourcesBuildPhase;
			buildActionMask = 2147483647;
			files = (
				63CB468C27706AB0007B1338 /* LaunchScreen.storyboard in Resources */,
				63CB468927706AB0007B1338 /* Assets.xcassets in Resources */,
				63520FD72772338E0036B6E3 /* Aartselaar_Kontich.gpx in Resources */,
				63CB468727706AAE007B1338 /* Main.storyboard in Resources */,
			);
			runOnlyForDeploymentPostprocessing = 0;
		};
/* End PBXResourcesBuildPhase section */

/* Begin PBXShellScriptBuildPhase section */
		280397D882AE2533BC10F572 /* [CP] Check Pods Manifest.lock */ = {
			isa = PBXShellScriptBuildPhase;
			buildActionMask = 2147483647;
			files = (
			);
			inputFileListPaths = (
			);
			inputPaths = (
				"${PODS_PODFILE_DIR_PATH}/Podfile.lock",
				"${PODS_ROOT}/Manifest.lock",
			);
			name = "[CP] Check Pods Manifest.lock";
			outputFileListPaths = (
			);
			outputPaths = (
				"$(DERIVED_FILE_DIR)/Pods-TestMapboxNativeIOS-checkManifestLockResult.txt",
			);
			runOnlyForDeploymentPostprocessing = 0;
			shellPath = /bin/sh;
			shellScript = "diff \"${PODS_PODFILE_DIR_PATH}/Podfile.lock\" \"${PODS_ROOT}/Manifest.lock\" > /dev/null\nif [ $? != 0 ] ; then\n    # print error to STDERR\n    echo \"error: The sandbox is not in sync with the Podfile.lock. Run 'pod install' or update your CocoaPods installation.\" >&2\n    exit 1\nfi\n# This output is used by Xcode 'outputs' to avoid re-running this script phase.\necho \"SUCCESS\" > \"${SCRIPT_OUTPUT_FILE_0}\"\n";
			showEnvVarsInLog = 0;
		};
		FB6AA2D0F6CC3D026E7ED2A3 /* [CP] Embed Pods Frameworks */ = {
			isa = PBXShellScriptBuildPhase;
			buildActionMask = 2147483647;
			files = (
			);
			inputFileListPaths = (
				"${PODS_ROOT}/Target Support Files/Pods-TestMapboxNativeIOS/Pods-TestMapboxNativeIOS-frameworks-${CONFIGURATION}-input-files.xcfilelist",
			);
			name = "[CP] Embed Pods Frameworks";
			outputFileListPaths = (
				"${PODS_ROOT}/Target Support Files/Pods-TestMapboxNativeIOS/Pods-TestMapboxNativeIOS-frameworks-${CONFIGURATION}-output-files.xcfilelist",
			);
			runOnlyForDeploymentPostprocessing = 0;
			shellPath = /bin/sh;
			shellScript = "\"${PODS_ROOT}/Target Support Files/Pods-TestMapboxNativeIOS/Pods-TestMapboxNativeIOS-frameworks.sh\"\n";
			showEnvVarsInLog = 0;
		};
/* End PBXShellScriptBuildPhase section */

/* Begin PBXSourcesBuildPhase section */
		63CB467827706AAE007B1338 /* Sources */ = {
			isa = PBXSourcesBuildPhase;
			buildActionMask = 2147483647;
			files = (
				63520FD9277233970036B6E3 /* MapboxNavigationModuleConfig.swift in Sources */,
				63CB468427706AAE007B1338 /* ViewController.swift in Sources */,
				63CB468027706AAE007B1338 /* AppDelegate.swift in Sources */,
				63CB468227706AAE007B1338 /* SceneDelegate.swift in Sources */,
			);
			runOnlyForDeploymentPostprocessing = 0;
		};
/* End PBXSourcesBuildPhase section */

/* Begin PBXVariantGroup section */
		63CB468527706AAE007B1338 /* Main.storyboard */ = {
			isa = PBXVariantGroup;
			children = (
				63CB468627706AAE007B1338 /* Base */,
			);
			name = Main.storyboard;
			sourceTree = "<group>";
		};
		63CB468A27706AB0007B1338 /* LaunchScreen.storyboard */ = {
			isa = PBXVariantGroup;
			children = (
				63CB468B27706AB0007B1338 /* Base */,
			);
			name = LaunchScreen.storyboard;
			sourceTree = "<group>";
		};
/* End PBXVariantGroup section */

/* Begin XCBuildConfiguration section */
		63CB468E27706AB0007B1338 /* Debug */ = {
			isa = XCBuildConfiguration;
			buildSettings = {
				ALWAYS_SEARCH_USER_PATHS = NO;
				CLANG_ANALYZER_NONNULL = YES;
				CLANG_ANALYZER_NUMBER_OBJECT_CONVERSION = YES_AGGRESSIVE;
				CLANG_CXX_LANGUAGE_STANDARD = "gnu++17";
				CLANG_CXX_LIBRARY = "libc++";
				CLANG_ENABLE_MODULES = YES;
				CLANG_ENABLE_OBJC_ARC = YES;
				CLANG_ENABLE_OBJC_WEAK = YES;
				CLANG_WARN_BLOCK_CAPTURE_AUTORELEASING = YES;
				CLANG_WARN_BOOL_CONVERSION = YES;
				CLANG_WARN_COMMA = YES;
				CLANG_WARN_CONSTANT_CONVERSION = YES;
				CLANG_WARN_DEPRECATED_OBJC_IMPLEMENTATIONS = YES;
				CLANG_WARN_DIRECT_OBJC_ISA_USAGE = YES_ERROR;
				CLANG_WARN_DOCUMENTATION_COMMENTS = YES;
				CLANG_WARN_EMPTY_BODY = YES;
				CLANG_WARN_ENUM_CONVERSION = YES;
				CLANG_WARN_INFINITE_RECURSION = YES;
				CLANG_WARN_INT_CONVERSION = YES;
				CLANG_WARN_NON_LITERAL_NULL_CONVERSION = YES;
				CLANG_WARN_OBJC_IMPLICIT_RETAIN_SELF = YES;
				CLANG_WARN_OBJC_LITERAL_CONVERSION = YES;
				CLANG_WARN_OBJC_ROOT_CLASS = YES_ERROR;
				CLANG_WARN_QUOTED_INCLUDE_IN_FRAMEWORK_HEADER = YES;
				CLANG_WARN_RANGE_LOOP_ANALYSIS = YES;
				CLANG_WARN_STRICT_PROTOTYPES = YES;
				CLANG_WARN_SUSPICIOUS_MOVE = YES;
				CLANG_WARN_UNGUARDED_AVAILABILITY = YES_AGGRESSIVE;
				CLANG_WARN_UNREACHABLE_CODE = YES;
				CLANG_WARN__DUPLICATE_METHOD_MATCH = YES;
				COPY_PHASE_STRIP = NO;
				DEBUG_INFORMATION_FORMAT = dwarf;
				ENABLE_STRICT_OBJC_MSGSEND = YES;
				ENABLE_TESTABILITY = YES;
				GCC_C_LANGUAGE_STANDARD = gnu11;
				GCC_DYNAMIC_NO_PIC = NO;
				GCC_NO_COMMON_BLOCKS = YES;
				GCC_OPTIMIZATION_LEVEL = 0;
				GCC_PREPROCESSOR_DEFINITIONS = (
					"DEBUG=1",
					"$(inherited)",
				);
				GCC_WARN_64_TO_32_BIT_CONVERSION = YES;
				GCC_WARN_ABOUT_RETURN_TYPE = YES_ERROR;
				GCC_WARN_UNDECLARED_SELECTOR = YES;
				GCC_WARN_UNINITIALIZED_AUTOS = YES_AGGRESSIVE;
				GCC_WARN_UNUSED_FUNCTION = YES;
				GCC_WARN_UNUSED_VARIABLE = YES;
				IPHONEOS_DEPLOYMENT_TARGET = 15.0;
				MTL_ENABLE_DEBUG_INFO = INCLUDE_SOURCE;
				MTL_FAST_MATH = YES;
				ONLY_ACTIVE_ARCH = YES;
				SDKROOT = iphoneos;
				SWIFT_ACTIVE_COMPILATION_CONDITIONS = DEBUG;
				SWIFT_OPTIMIZATION_LEVEL = "-Onone";
			};
			name = Debug;
		};
		63CB468F27706AB0007B1338 /* Release */ = {
			isa = XCBuildConfiguration;
			buildSettings = {
				ALWAYS_SEARCH_USER_PATHS = NO;
				CLANG_ANALYZER_NONNULL = YES;
				CLANG_ANALYZER_NUMBER_OBJECT_CONVERSION = YES_AGGRESSIVE;
				CLANG_CXX_LANGUAGE_STANDARD = "gnu++17";
				CLANG_CXX_LIBRARY = "libc++";
				CLANG_ENABLE_MODULES = YES;
				CLANG_ENABLE_OBJC_ARC = YES;
				CLANG_ENABLE_OBJC_WEAK = YES;
				CLANG_WARN_BLOCK_CAPTURE_AUTORELEASING = YES;
				CLANG_WARN_BOOL_CONVERSION = YES;
				CLANG_WARN_COMMA = YES;
				CLANG_WARN_CONSTANT_CONVERSION = YES;
				CLANG_WARN_DEPRECATED_OBJC_IMPLEMENTATIONS = YES;
				CLANG_WARN_DIRECT_OBJC_ISA_USAGE = YES_ERROR;
				CLANG_WARN_DOCUMENTATION_COMMENTS = YES;
				CLANG_WARN_EMPTY_BODY = YES;
				CLANG_WARN_ENUM_CONVERSION = YES;
				CLANG_WARN_INFINITE_RECURSION = YES;
				CLANG_WARN_INT_CONVERSION = YES;
				CLANG_WARN_NON_LITERAL_NULL_CONVERSION = YES;
				CLANG_WARN_OBJC_IMPLICIT_RETAIN_SELF = YES;
				CLANG_WARN_OBJC_LITERAL_CONVERSION = YES;
				CLANG_WARN_OBJC_ROOT_CLASS = YES_ERROR;
				CLANG_WARN_QUOTED_INCLUDE_IN_FRAMEWORK_HEADER = YES;
				CLANG_WARN_RANGE_LOOP_ANALYSIS = YES;
				CLANG_WARN_STRICT_PROTOTYPES = YES;
				CLANG_WARN_SUSPICIOUS_MOVE = YES;
				CLANG_WARN_UNGUARDED_AVAILABILITY = YES_AGGRESSIVE;
				CLANG_WARN_UNREACHABLE_CODE = YES;
				CLANG_WARN__DUPLICATE_METHOD_MATCH = YES;
				COPY_PHASE_STRIP = NO;
				DEBUG_INFORMATION_FORMAT = "dwarf-with-dsym";
				ENABLE_NS_ASSERTIONS = NO;
				ENABLE_STRICT_OBJC_MSGSEND = YES;
				GCC_C_LANGUAGE_STANDARD = gnu11;
				GCC_NO_COMMON_BLOCKS = YES;
				GCC_WARN_64_TO_32_BIT_CONVERSION = YES;
				GCC_WARN_ABOUT_RETURN_TYPE = YES_ERROR;
				GCC_WARN_UNDECLARED_SELECTOR = YES;
				GCC_WARN_UNINITIALIZED_AUTOS = YES_AGGRESSIVE;
				GCC_WARN_UNUSED_FUNCTION = YES;
				GCC_WARN_UNUSED_VARIABLE = YES;
				IPHONEOS_DEPLOYMENT_TARGET = 15.0;
				MTL_ENABLE_DEBUG_INFO = NO;
				MTL_FAST_MATH = YES;
				SDKROOT = iphoneos;
				SWIFT_COMPILATION_MODE = wholemodule;
				SWIFT_OPTIMIZATION_LEVEL = "-O";
				VALIDATE_PRODUCT = YES;
			};
			name = Release;
		};
		63CB469127706AB0007B1338 /* Debug */ = {
			isa = XCBuildConfiguration;
			baseConfigurationReference = 94A372C29FCEE4AB6D39FEB2 /* Pods-TestMapboxNativeIOS.debug.xcconfig */;
			buildSettings = {
				ASSETCATALOG_COMPILER_APPICON_NAME = AppIcon;
				ASSETCATALOG_COMPILER_GLOBAL_ACCENT_COLOR_NAME = AccentColor;
				CODE_SIGN_STYLE = Automatic;
				CURRENT_PROJECT_VERSION = 1;
				DEVELOPMENT_TEAM = QSK66EYT9M;
				GENERATE_INFOPLIST_FILE = YES;
				INFOPLIST_FILE = TestMapboxNativeIOS/Info.plist;
				INFOPLIST_KEY_NSLocationWhenInUseUsageDescription = "We need your location to improve the experience";
				INFOPLIST_KEY_UIApplicationSupportsIndirectInputEvents = YES;
				INFOPLIST_KEY_UILaunchStoryboardName = LaunchScreen;
				INFOPLIST_KEY_UIMainStoryboardFile = Main;
				INFOPLIST_KEY_UISupportedInterfaceOrientations_iPad = "UIInterfaceOrientationPortrait UIInterfaceOrientationPortraitUpsideDown UIInterfaceOrientationLandscapeLeft UIInterfaceOrientationLandscapeRight";
				INFOPLIST_KEY_UISupportedInterfaceOrientations_iPhone = "UIInterfaceOrientationPortrait UIInterfaceOrientationLandscapeLeft UIInterfaceOrientationLandscapeRight";
				LD_RUNPATH_SEARCH_PATHS = (
					"$(inherited)",
					"@executable_path/Frameworks",
				);
				MARKETING_VERSION = 1.0;
				PRODUCT_BUNDLE_IDENTIFIER = dmaenhout.TestMapboxNativeIOS;
				PRODUCT_NAME = "$(TARGET_NAME)";
				SWIFT_EMIT_LOC_STRINGS = YES;
				SWIFT_VERSION = 5.0;
				TARGETED_DEVICE_FAMILY = "1,2";
			};
			name = Debug;
		};
		63CB469227706AB0007B1338 /* Release */ = {
			isa = XCBuildConfiguration;
			baseConfigurationReference = 0212B19F6626CA8223B7D3D6 /* Pods-TestMapboxNativeIOS.release.xcconfig */;
			buildSettings = {
				ASSETCATALOG_COMPILER_APPICON_NAME = AppIcon;
				ASSETCATALOG_COMPILER_GLOBAL_ACCENT_COLOR_NAME = AccentColor;
				CODE_SIGN_STYLE = Automatic;
				CURRENT_PROJECT_VERSION = 1;
				DEVELOPMENT_TEAM = QSK66EYT9M;
				GENERATE_INFOPLIST_FILE = YES;
				INFOPLIST_FILE = TestMapboxNativeIOS/Info.plist;
				INFOPLIST_KEY_NSLocationWhenInUseUsageDescription = "We need your location to improve the experience";
				INFOPLIST_KEY_UIApplicationSupportsIndirectInputEvents = YES;
				INFOPLIST_KEY_UILaunchStoryboardName = LaunchScreen;
				INFOPLIST_KEY_UIMainStoryboardFile = Main;
				INFOPLIST_KEY_UISupportedInterfaceOrientations_iPad = "UIInterfaceOrientationPortrait UIInterfaceOrientationPortraitUpsideDown UIInterfaceOrientationLandscapeLeft UIInterfaceOrientationLandscapeRight";
				INFOPLIST_KEY_UISupportedInterfaceOrientations_iPhone = "UIInterfaceOrientationPortrait UIInterfaceOrientationLandscapeLeft UIInterfaceOrientationLandscapeRight";
				LD_RUNPATH_SEARCH_PATHS = (
					"$(inherited)",
					"@executable_path/Frameworks",
				);
				MARKETING_VERSION = 1.0;
				PRODUCT_BUNDLE_IDENTIFIER = dmaenhout.TestMapboxNativeIOS;
				PRODUCT_NAME = "$(TARGET_NAME)";
				SWIFT_EMIT_LOC_STRINGS = YES;
				SWIFT_VERSION = 5.0;
				TARGETED_DEVICE_FAMILY = "1,2";
			};
			name = Release;
		};
/* End XCBuildConfiguration section */

/* Begin XCConfigurationList section */
		63CB467727706AAE007B1338 /* Build configuration list for PBXProject "TestMapboxNativeIOS" */ = {
			isa = XCConfigurationList;
			buildConfigurations = (
				63CB468E27706AB0007B1338 /* Debug */,
				63CB468F27706AB0007B1338 /* Release */,
			);
			defaultConfigurationIsVisible = 0;
			defaultConfigurationName = Release;
		};
		63CB469027706AB0007B1338 /* Build configuration list for PBXNativeTarget "TestMapboxNativeIOS" */ = {
			isa = XCConfigurationList;
			buildConfigurations = (
				63CB469127706AB0007B1338 /* Debug */,
				63CB469227706AB0007B1338 /* Release */,
			);
			defaultConfigurationIsVisible = 0;
			defaultConfigurationName = Release;
		};
/* End XCConfigurationList section */
	};
	rootObject = 63CB467427706AAE007B1338 /* Project object */;
}
